
Microsoft Visual Studio Solution File, Format Version 12.00
# Blend for Visual Studio 15
VisualStudioVersion = 15.0.27130.2010
MinimumVisualStudioVersion = 10.0.40219.1
Project("{FAE04EC0-301F-11D3-BF4B-00C04F79EFBC}") = "DolphinDBForExcelWPFLib", "DolphinDBForExcelWPFLib.csproj", "{8904FCC9-BA4E-4F60-9AA1-55534B9C904F}"
EndProject
Project("{FAE04EC0-301F-11D3-BF4B-00C04F79EFBC}") = "DDBWPF", "..\DDBWPF\DDBWPF.csproj", "{97305670-F851-4A65-89FC-75B2EF3AE5C7}"
EndProject
Global
	GlobalSection(SolutionConfigurationPlatforms) = preSolution
		Debug|Any CPU = Debug|Any CPU
		Release|Any CPU = Release|Any CPU
	EndGlobalSection
	GlobalSection(ProjectConfigurationPlatforms) = postSolution
		{8904FCC9-BA4E-4F60-9AA1-55534B9C904F}.Debug|Any CPU.ActiveCfg = Debug|Any CPU
		{8904FCC9-BA4E-4F60-9AA1-55534B9C904F}.Debug|Any CPU.Build.0 = Debug|Any CPU
		{8904FCC9-BA4E-4F60-9AA1-55534B9C904F}.Release|Any CPU.ActiveCfg = Release|Any CPU
		{8904FCC9-BA4E-4F60-9AA1-55534B9C904F}.Release|Any CPU.Build.0 = Release|Any CPU
		{97305670-F851-4A65-89FC-75B2EF3AE5C7}.Debug|Any CPU.ActiveCfg = Debug|Any CPU
		{97305670-F851-4A65-89FC-75B2EF3AE5C7}.Debug|Any CPU.Build.0 = Debug|Any CPU
		{97305670-F851-4A65-89FC-75B2EF3AE5C7}.Release|Any CPU.ActiveCfg = Release|Any CPU
		{97305670-F851-4A65-89FC-75B2EF3AE5C7}.Release|Any CPU.Build.0 = Release|Any CPU
	EndGlobalSection
	GlobalSection(SolutionProperties) = preSolution
		HideSolutionNode = FALSE
	EndGlobalSection
	GlobalSection(ExtensibilityGlobals) = postSolution
		SolutionGuid = {2ABD1BD0-BD12-4E4C-9B8F-8E9C284F41EB}
	EndGlobalSection
EndGlobal
